// !$*UTF8*$!
{
	archiveVersion = 1;
	classes = {
	};
	objectVersion = 50;
	objects = {

/* Begin PBXBuildFile section */
		3DD0769E299D9D5FBDCAF4DB /* libPods-SomeCodingTool.a in Frameworks */ = {isa = PBXBuildFile; fileRef = 183850F77F44B630F227FA53 /* libPods-SomeCodingTool.a */; };
		E54AACB02356AE2D00F17F00 /* AppDelegate.m in Sources */ = {isa = PBXBuildFile; fileRef = E54AACAF2356AE2D00F17F00 /* AppDelegate.m */; };
		E54AACB32356AE2D00F17F00 /* SceneDelegate.m in Sources */ = {isa = PBXBuildFile; fileRef = E54AACB22356AE2D00F17F00 /* SceneDelegate.m */; };
		E54AACB62356AE2D00F17F00 /* ViewController.m in Sources */ = {isa = PBXBuildFile; fileRef = E54AACB52356AE2D00F17F00 /* ViewController.m */; };
		E54AACB92356AE2D00F17F00 /* Main.storyboard in Resources */ = {isa = PBXBuildFile; fileRef = E54AACB72356AE2D00F17F00 /* Main.storyboard */; };
		E54AACBC2356AE2D00F17F00 /* SomeCodingTool.xcdatamodeld in Sources */ = {isa = PBXBuildFile; fileRef = E54AACBA2356AE2D00F17F00 /* SomeCodingTool.xcdatamodeld */; };
		E54AACBE2356AE2E00F17F00 /* Assets.xcassets in Resources */ = {isa = PBXBuildFile; fileRef = E54AACBD2356AE2E00F17F00 /* Assets.xcassets */; };
		E54AACC12356AE2E00F17F00 /* LaunchScreen.storyboard in Resources */ = {isa = PBXBuildFile; fileRef = E54AACBF2356AE2E00F17F00 /* LaunchScreen.storyboard */; };
		E54AACC42356AE2E00F17F00 /* main.m in Sources */ = {isa = PBXBuildFile; fileRef = E54AACC32356AE2E00F17F00 /* main.m */; };
		E54AACCE2356AE2E00F17F00 /* SomeCodingToolTests.m in Sources */ = {isa = PBXBuildFile; fileRef = E54AACCD2356AE2E00F17F00 /* SomeCodingToolTests.m */; };
		E54AACD92356AE2E00F17F00 /* SomeCodingToolUITests.m in Sources */ = {isa = PBXBuildFile; fileRef = E54AACD82356AE2E00F17F00 /* SomeCodingToolUITests.m */; };
		E54AACE92356E66B00F17F00 /* BaseViewController.m in Sources */ = {isa = PBXBuildFile; fileRef = E54AACE82356E66B00F17F00 /* BaseViewController.m */; };
		E54AACEC2356E69B00F17F00 /* HomePageVC.m in Sources */ = {isa = PBXBuildFile; fileRef = E54AACEB2356E69B00F17F00 /* HomePageVC.m */; };
		E54AACF02356F93300F17F00 /* BaseNavController.m in Sources */ = {isa = PBXBuildFile; fileRef = E54AACEF2356F93300F17F00 /* BaseNavController.m */; };
		E54AAD0D23584AD700F17F00 /* ContentView.m in Sources */ = {isa = PBXBuildFile; fileRef = E54AACF323584AD600F17F00 /* ContentView.m */; };
		E54AAD0E23584AD700F17F00 /* BaseGCDSemaphore.m in Sources */ = {isa = PBXBuildFile; fileRef = E54AACF423584AD600F17F00 /* BaseGCDSemaphore.m */; };
		E54AAD0F23584AD700F17F00 /* RequestToolManager.m in Sources */ = {isa = PBXBuildFile; fileRef = E54AACF723584AD600F17F00 /* RequestToolManager.m */; };
		E54AAD1023584AD700F17F00 /* ObjcSystemCallTool.m in Sources */ = {isa = PBXBuildFile; fileRef = E54AACF923584AD600F17F00 /* ObjcSystemCallTool.m */; };
		E54AAD1123584AD700F17F00 /* DropdownSelector.m in Sources */ = {isa = PBXBuildFile; fileRef = E54AACFD23584AD700F17F00 /* DropdownSelector.m */; };
		E54AAD1223584AD700F17F00 /* CustomTypeButton.m in Sources */ = {isa = PBXBuildFile; fileRef = E54AACFE23584AD700F17F00 /* CustomTypeButton.m */; };
		E54AAD1323584AD700F17F00 /* TranDemo2ViewController.m in Sources */ = {isa = PBXBuildFile; fileRef = E54AAD0323584AD700F17F00 /* TranDemo2ViewController.m */; };
		E54AAD1423584AD700F17F00 /* HSPushAnimation.m in Sources */ = {isa = PBXBuildFile; fileRef = E54AAD0623584AD700F17F00 /* HSPushAnimation.m */; };
		E54AAD1523584AD700F17F00 /* TransitionController.m in Sources */ = {isa = PBXBuildFile; fileRef = E54AAD0723584AD700F17F00 /* TransitionController.m */; };
		E54AAD1623584AD700F17F00 /* TranDemoViewController.m in Sources */ = {isa = PBXBuildFile; fileRef = E54AAD0923584AD700F17F00 /* TranDemoViewController.m */; };
		E54AAD1723584AD700F17F00 /* BaseHomeView.m in Sources */ = {isa = PBXBuildFile; fileRef = E54AAD0B23584AD700F17F00 /* BaseHomeView.m */; };
		E54AAD1C2359477F00F17F00 /* UILabel+StringSet.m in Sources */ = {isa = PBXBuildFile; fileRef = E54AAD1B2359477F00F17F00 /* UILabel+StringSet.m */; };
		E54AAD2923599CC200F17F00 /* JSWebVIewBase.m in Sources */ = {isa = PBXBuildFile; fileRef = E54AAD1E23599CC200F17F00 /* JSWebVIewBase.m */; };
		E54AAD2A23599CC200F17F00 /* InteractiveResultModel.m in Sources */ = {isa = PBXBuildFile; fileRef = E54AAD2023599CC200F17F00 /* InteractiveResultModel.m */; };
		E54AAD2B23599CC200F17F00 /* Interactive.m in Sources */ = {isa = PBXBuildFile; fileRef = E54AAD2123599CC200F17F00 /* Interactive.m */; };
		E54AAD2C23599CC200F17F00 /* NSMutableDictionary+JSData.m in Sources */ = {isa = PBXBuildFile; fileRef = E54AAD2323599CC200F17F00 /* NSMutableDictionary+JSData.m */; };
		E54AAD2D23599CC200F17F00 /* InteractiveModel.m in Sources */ = {isa = PBXBuildFile; fileRef = E54AAD2523599CC200F17F00 /* InteractiveModel.m */; };
		E596EAB7235D3DAB007B401E /* MJSomeDesignTableView.m in Sources */ = {isa = PBXBuildFile; fileRef = E596EAB6235D3DAB007B401E /* MJSomeDesignTableView.m */; };
		E596EABA235D4393007B401E /* SomeDesignTableViewCell.m in Sources */ = {isa = PBXBuildFile; fileRef = E596EAB9235D4393007B401E /* SomeDesignTableViewCell.m */; };
/* End PBXBuildFile section */

/* Begin PBXContainerItemProxy section */
		E54AACCA2356AE2E00F17F00 /* PBXContainerItemProxy */ = {
			isa = PBXContainerItemProxy;
			containerPortal = E54AACA32356AE2D00F17F00 /* Project object */;
			proxyType = 1;
			remoteGlobalIDString = E54AACAA2356AE2D00F17F00;
			remoteInfo = SomeCodingTool;
		};
		E54AACD52356AE2E00F17F00 /* PBXContainerItemProxy */ = {
			isa = PBXContainerItemProxy;
			containerPortal = E54AACA32356AE2D00F17F00 /* Project object */;
			proxyType = 1;
			remoteGlobalIDString = E54AACAA2356AE2D00F17F00;
			remoteInfo = SomeCodingTool;
		};
/* End PBXContainerItemProxy section */

/* Begin PBXFileReference section */
		183850F77F44B630F227FA53 /* libPods-SomeCodingTool.a */ = {isa = PBXFileReference; explicitFileType = archive.ar; includeInIndex = 0; path = "libPods-SomeCodingTool.a"; sourceTree = BUILT_PRODUCTS_DIR; };
		7A890E5887BFB69F3655277C /* Pods-SomeCodingTool.debug.xcconfig */ = {isa = PBXFileReference; includeInIndex = 1; lastKnownFileType = text.xcconfig; name = "Pods-SomeCodingTool.debug.xcconfig"; path = "Target Support Files/Pods-SomeCodingTool/Pods-SomeCodingTool.debug.xcconfig"; sourceTree = "<group>"; };
		8A7F7CDA51E6C66A25850623 /* Pods-SomeCodingTool.release.xcconfig */ = {isa = PBXFileReference; includeInIndex = 1; lastKnownFileType = text.xcconfig; name = "Pods-SomeCodingTool.release.xcconfig"; path = "Target Support Files/Pods-SomeCodingTool/Pods-SomeCodingTool.release.xcconfig"; sourceTree = "<group>"; };
		E54AACAB2356AE2D00F17F00 /* SomeCodingTool.app */ = {isa = PBXFileReference; explicitFileType = wrapper.application; includeInIndex = 0; path = SomeCodingTool.app; sourceTree = BUILT_PRODUCTS_DIR; };
		E54AACAE2356AE2D00F17F00 /* AppDelegate.h */ = {isa = PBXFileReference; lastKnownFileType = sourcecode.c.h; path = AppDelegate.h; sourceTree = "<group>"; };
		E54AACAF2356AE2D00F17F00 /* AppDelegate.m */ = {isa = PBXFileReference; lastKnownFileType = sourcecode.c.objc; path = AppDelegate.m; sourceTree = "<group>"; };
		E54AACB12356AE2D00F17F00 /* SceneDelegate.h */ = {isa = PBXFileReference; lastKnownFileType = sourcecode.c.h; path = SceneDelegate.h; sourceTree = "<group>"; };
		E54AACB22356AE2D00F17F00 /* SceneDelegate.m */ = {isa = PBXFileReference; lastKnownFileType = sourcecode.c.objc; path = SceneDelegate.m; sourceTree = "<group>"; };
		E54AACB42356AE2D00F17F00 /* ViewController.h */ = {isa = PBXFileReference; lastKnownFileType = sourcecode.c.h; path = ViewController.h; sourceTree = "<group>"; };
		E54AACB52356AE2D00F17F00 /* ViewController.m */ = {isa = PBXFileReference; lastKnownFileType = sourcecode.c.objc; path = ViewController.m; sourceTree = "<group>"; };
		E54AACB82356AE2D00F17F00 /* Base */ = {isa = PBXFileReference; lastKnownFileType = file.storyboard; name = Base; path = Base.lproj/Main.storyboard; sourceTree = "<group>"; };
		E54AACBB2356AE2D00F17F00 /* SomeCodingTool.xcdatamodel */ = {isa = PBXFileReference; lastKnownFileType = wrapper.xcdatamodel; path = SomeCodingTool.xcdatamodel; sourceTree = "<group>"; };
		E54AACBD2356AE2E00F17F00 /* Assets.xcassets */ = {isa = PBXFileReference; lastKnownFileType = folder.assetcatalog; path = Assets.xcassets; sourceTree = "<group>"; };
		E54AACC02356AE2E00F17F00 /* Base */ = {isa = PBXFileReference; lastKnownFileType = file.storyboard; name = Base; path = Base.lproj/LaunchScreen.storyboard; sourceTree = "<group>"; };
		E54AACC22356AE2E00F17F00 /* Info.plist */ = {isa = PBXFileReference; lastKnownFileType = text.plist.xml; path = Info.plist; sourceTree = "<group>"; };
		E54AACC32356AE2E00F17F00 /* main.m */ = {isa = PBXFileReference; lastKnownFileType = sourcecode.c.objc; path = main.m; sourceTree = "<group>"; };
		E54AACC92356AE2E00F17F00 /* SomeCodingToolTests.xctest */ = {isa = PBXFileReference; explicitFileType = wrapper.cfbundle; includeInIndex = 0; path = SomeCodingToolTests.xctest; sourceTree = BUILT_PRODUCTS_DIR; };
		E54AACCD2356AE2E00F17F00 /* SomeCodingToolTests.m */ = {isa = PBXFileReference; lastKnownFileType = sourcecode.c.objc; path = SomeCodingToolTests.m; sourceTree = "<group>"; };
		E54AACCF2356AE2E00F17F00 /* Info.plist */ = {isa = PBXFileReference; lastKnownFileType = text.plist.xml; path = Info.plist; sourceTree = "<group>"; };
		E54AACD42356AE2E00F17F00 /* SomeCodingToolUITests.xctest */ = {isa = PBXFileReference; explicitFileType = wrapper.cfbundle; includeInIndex = 0; path = SomeCodingToolUITests.xctest; sourceTree = BUILT_PRODUCTS_DIR; };
		E54AACD82356AE2E00F17F00 /* SomeCodingToolUITests.m */ = {isa = PBXFileReference; lastKnownFileType = sourcecode.c.objc; path = SomeCodingToolUITests.m; sourceTree = "<group>"; };
		E54AACDA2356AE2E00F17F00 /* Info.plist */ = {isa = PBXFileReference; lastKnownFileType = text.plist.xml; path = Info.plist; sourceTree = "<group>"; };
		E54AACE72356E66B00F17F00 /* BaseViewController.h */ = {isa = PBXFileReference; lastKnownFileType = sourcecode.c.h; path = BaseViewController.h; sourceTree = "<group>"; };
		E54AACE82356E66B00F17F00 /* BaseViewController.m */ = {isa = PBXFileReference; lastKnownFileType = sourcecode.c.objc; path = BaseViewController.m; sourceTree = "<group>"; };
		E54AACEA2356E69B00F17F00 /* HomePageVC.h */ = {isa = PBXFileReference; lastKnownFileType = sourcecode.c.h; path = HomePageVC.h; sourceTree = "<group>"; };
		E54AACEB2356E69B00F17F00 /* HomePageVC.m */ = {isa = PBXFileReference; lastKnownFileType = sourcecode.c.objc; path = HomePageVC.m; sourceTree = "<group>"; };
		E54AACEE2356F93300F17F00 /* BaseNavController.h */ = {isa = PBXFileReference; lastKnownFileType = sourcecode.c.h; path = BaseNavController.h; sourceTree = "<group>"; };
		E54AACEF2356F93300F17F00 /* BaseNavController.m */ = {isa = PBXFileReference; lastKnownFileType = sourcecode.c.objc; path = BaseNavController.m; sourceTree = "<group>"; };
		E54AACF223584AD600F17F00 /* CustomTypeButton.h */ = {isa = PBXFileReference; fileEncoding = 4; lastKnownFileType = sourcecode.c.h; path = CustomTypeButton.h; sourceTree = "<group>"; };
		E54AACF323584AD600F17F00 /* ContentView.m */ = {isa = PBXFileReference; fileEncoding = 4; lastKnownFileType = sourcecode.c.objc; path = ContentView.m; sourceTree = "<group>"; };
		E54AACF423584AD600F17F00 /* BaseGCDSemaphore.m */ = {isa = PBXFileReference; fileEncoding = 4; lastKnownFileType = sourcecode.c.objc; path = BaseGCDSemaphore.m; sourceTree = "<group>"; };
		E54AACF623584AD600F17F00 /* RequestToolManager.h */ = {isa = PBXFileReference; fileEncoding = 4; lastKnownFileType = sourcecode.c.h; path = RequestToolManager.h; sourceTree = "<group>"; };
		E54AACF723584AD600F17F00 /* RequestToolManager.m */ = {isa = PBXFileReference; fileEncoding = 4; lastKnownFileType = sourcecode.c.objc; path = RequestToolManager.m; sourceTree = "<group>"; };
		E54AACF923584AD600F17F00 /* ObjcSystemCallTool.m */ = {isa = PBXFileReference; fileEncoding = 4; lastKnownFileType = sourcecode.c.objc; path = ObjcSystemCallTool.m; sourceTree = "<group>"; };
		E54AACFA23584AD600F17F00 /* ObjcSystemCallTool.h */ = {isa = PBXFileReference; fileEncoding = 4; lastKnownFileType = sourcecode.c.h; path = ObjcSystemCallTool.h; sourceTree = "<group>"; };
		E54AACFC23584AD700F17F00 /* DropdownSelector.h */ = {isa = PBXFileReference; fileEncoding = 4; lastKnownFileType = sourcecode.c.h; path = DropdownSelector.h; sourceTree = "<group>"; };
		E54AACFD23584AD700F17F00 /* DropdownSelector.m */ = {isa = PBXFileReference; fileEncoding = 4; lastKnownFileType = sourcecode.c.objc; path = DropdownSelector.m; sourceTree = "<group>"; };
		E54AACFE23584AD700F17F00 /* CustomTypeButton.m */ = {isa = PBXFileReference; fileEncoding = 4; lastKnownFileType = sourcecode.c.objc; path = CustomTypeButton.m; sourceTree = "<group>"; };
		E54AACFF23584AD700F17F00 /* BaseGCDSemaphore.h */ = {isa = PBXFileReference; fileEncoding = 4; lastKnownFileType = sourcecode.c.h; path = BaseGCDSemaphore.h; sourceTree = "<group>"; };
		E54AAD0023584AD700F17F00 /* ContentView.h */ = {isa = PBXFileReference; fileEncoding = 4; lastKnownFileType = sourcecode.c.h; path = ContentView.h; sourceTree = "<group>"; };
		E54AAD0223584AD700F17F00 /* HSPushAnimation.h */ = {isa = PBXFileReference; fileEncoding = 4; lastKnownFileType = sourcecode.c.h; path = HSPushAnimation.h; sourceTree = "<group>"; };
		E54AAD0323584AD700F17F00 /* TranDemo2ViewController.m */ = {isa = PBXFileReference; fileEncoding = 4; lastKnownFileType = sourcecode.c.objc; path = TranDemo2ViewController.m; sourceTree = "<group>"; };
		E54AAD0423584AD700F17F00 /* TransitionController.h */ = {isa = PBXFileReference; fileEncoding = 4; lastKnownFileType = sourcecode.c.h; path = TransitionController.h; sourceTree = "<group>"; };
		E54AAD0523584AD700F17F00 /* TranDemoViewController.h */ = {isa = PBXFileReference; fileEncoding = 4; lastKnownFileType = sourcecode.c.h; path = TranDemoViewController.h; sourceTree = "<group>"; };
		E54AAD0623584AD700F17F00 /* HSPushAnimation.m */ = {isa = PBXFileReference; fileEncoding = 4; lastKnownFileType = sourcecode.c.objc; path = HSPushAnimation.m; sourceTree = "<group>"; };
		E54AAD0723584AD700F17F00 /* TransitionController.m */ = {isa = PBXFileReference; fileEncoding = 4; lastKnownFileType = sourcecode.c.objc; path = TransitionController.m; sourceTree = "<group>"; };
		E54AAD0823584AD700F17F00 /* TranDemo2ViewController.h */ = {isa = PBXFileReference; fileEncoding = 4; lastKnownFileType = sourcecode.c.h; path = TranDemo2ViewController.h; sourceTree = "<group>"; };
		E54AAD0923584AD700F17F00 /* TranDemoViewController.m */ = {isa = PBXFileReference; fileEncoding = 4; lastKnownFileType = sourcecode.c.objc; path = TranDemoViewController.m; sourceTree = "<group>"; };
		E54AAD0B23584AD700F17F00 /* BaseHomeView.m */ = {isa = PBXFileReference; fileEncoding = 4; lastKnownFileType = sourcecode.c.objc; path = BaseHomeView.m; sourceTree = "<group>"; };
		E54AAD0C23584AD700F17F00 /* BaseHomeView.h */ = {isa = PBXFileReference; fileEncoding = 4; lastKnownFileType = sourcecode.c.h; path = BaseHomeView.h; sourceTree = "<group>"; };
		E54AAD1A2359477F00F17F00 /* UILabel+StringSet.h */ = {isa = PBXFileReference; lastKnownFileType = sourcecode.c.h; path = "UILabel+StringSet.h"; sourceTree = "<group>"; };
		E54AAD1B2359477F00F17F00 /* UILabel+StringSet.m */ = {isa = PBXFileReference; lastKnownFileType = sourcecode.c.objc; path = "UILabel+StringSet.m"; sourceTree = "<group>"; };
		E54AAD1E23599CC200F17F00 /* JSWebVIewBase.m */ = {isa = PBXFileReference; fileEncoding = 4; lastKnownFileType = sourcecode.c.objc; path = JSWebVIewBase.m; sourceTree = "<group>"; };
		E54AAD2023599CC200F17F00 /* InteractiveResultModel.m */ = {isa = PBXFileReference; fileEncoding = 4; lastKnownFileType = sourcecode.c.objc; path = InteractiveResultModel.m; sourceTree = "<group>"; };
		E54AAD2123599CC200F17F00 /* Interactive.m */ = {isa = PBXFileReference; fileEncoding = 4; lastKnownFileType = sourcecode.c.objc; path = Interactive.m; sourceTree = "<group>"; };
		E54AAD2223599CC200F17F00 /* InteractiveModel.h */ = {isa = PBXFileReference; fileEncoding = 4; lastKnownFileType = sourcecode.c.h; path = InteractiveModel.h; sourceTree = "<group>"; };
		E54AAD2323599CC200F17F00 /* NSMutableDictionary+JSData.m */ = {isa = PBXFileReference; fileEncoding = 4; lastKnownFileType = sourcecode.c.objc; path = "NSMutableDictionary+JSData.m"; sourceTree = "<group>"; };
		E54AAD2423599CC200F17F00 /* InteractiveResultModel.h */ = {isa = PBXFileReference; fileEncoding = 4; lastKnownFileType = sourcecode.c.h; path = InteractiveResultModel.h; sourceTree = "<group>"; };
		E54AAD2523599CC200F17F00 /* InteractiveModel.m */ = {isa = PBXFileReference; fileEncoding = 4; lastKnownFileType = sourcecode.c.objc; path = InteractiveModel.m; sourceTree = "<group>"; };
		E54AAD2623599CC200F17F00 /* Interactive.h */ = {isa = PBXFileReference; fileEncoding = 4; lastKnownFileType = sourcecode.c.h; path = Interactive.h; sourceTree = "<group>"; };
		E54AAD2723599CC200F17F00 /* NSMutableDictionary+JSData.h */ = {isa = PBXFileReference; fileEncoding = 4; lastKnownFileType = sourcecode.c.h; path = "NSMutableDictionary+JSData.h"; sourceTree = "<group>"; };
		E54AAD2823599CC200F17F00 /* JSWebVIewBase.h */ = {isa = PBXFileReference; fileEncoding = 4; lastKnownFileType = sourcecode.c.h; path = JSWebVIewBase.h; sourceTree = "<group>"; };
		E54AFA6123629C15000CE98E /* BaseHeader.h */ = {isa = PBXFileReference; lastKnownFileType = sourcecode.c.h; path = BaseHeader.h; sourceTree = "<group>"; };
		E54AFA622362C396000CE98E /* Base_PrefixHeader.pch */ = {isa = PBXFileReference; lastKnownFileType = sourcecode.c.h; path = Base_PrefixHeader.pch; sourceTree = "<group>"; };
		E596EAB5235D3DAB007B401E /* MJSomeDesignTableView.h */ = {isa = PBXFileReference; lastKnownFileType = sourcecode.c.h; path = MJSomeDesignTableView.h; sourceTree = "<group>"; };
		E596EAB6235D3DAB007B401E /* MJSomeDesignTableView.m */ = {isa = PBXFileReference; lastKnownFileType = sourcecode.c.objc; path = MJSomeDesignTableView.m; sourceTree = "<group>"; };
		E596EAB8235D4393007B401E /* SomeDesignTableViewCell.h */ = {isa = PBXFileReference; lastKnownFileType = sourcecode.c.h; path = SomeDesignTableViewCell.h; sourceTree = "<group>"; };
		E596EAB9235D4393007B401E /* SomeDesignTableViewCell.m */ = {isa = PBXFileReference; lastKnownFileType = sourcecode.c.objc; path = SomeDesignTableViewCell.m; sourceTree = "<group>"; };
/* End PBXFileReference section */

/* Begin PBXFrameworksBuildPhase section */
		E54AACA82356AE2D00F17F00 /* Frameworks */ = {
			isa = PBXFrameworksBuildPhase;
			buildActionMask = 2147483647;
			files = (
				3DD0769E299D9D5FBDCAF4DB /* libPods-SomeCodingTool.a in Frameworks */,
			);
			runOnlyForDeploymentPostprocessing = 0;
		};
		E54AACC62356AE2E00F17F00 /* Frameworks */ = {
			isa = PBXFrameworksBuildPhase;
			buildActionMask = 2147483647;
			files = (
			);
			runOnlyForDeploymentPostprocessing = 0;
		};
		E54AACD12356AE2E00F17F00 /* Frameworks */ = {
			isa = PBXFrameworksBuildPhase;
			buildActionMask = 2147483647;
			files = (
			);
			runOnlyForDeploymentPostprocessing = 0;
		};
/* End PBXFrameworksBuildPhase section */

/* Begin PBXGroup section */
		5FDB09258407496F0854666E /* Frameworks */ = {
			isa = PBXGroup;
			children = (
				183850F77F44B630F227FA53 /* libPods-SomeCodingTool.a */,
			);
			name = Frameworks;
			sourceTree = "<group>";
		};
		6380687062B0915A5250F90F /* Pods */ = {
			isa = PBXGroup;
			children = (
				7A890E5887BFB69F3655277C /* Pods-SomeCodingTool.debug.xcconfig */,
				8A7F7CDA51E6C66A25850623 /* Pods-SomeCodingTool.release.xcconfig */,
			);
			path = Pods;
			sourceTree = "<group>";
		};
		E54AACA22356AE2D00F17F00 = {
			isa = PBXGroup;
			children = (
				E54AACAD2356AE2D00F17F00 /* SomeCodingTool */,
				E54AACCC2356AE2E00F17F00 /* SomeCodingToolTests */,
				E54AACD72356AE2E00F17F00 /* SomeCodingToolUITests */,
				E54AACAC2356AE2D00F17F00 /* Products */,
				6380687062B0915A5250F90F /* Pods */,
				5FDB09258407496F0854666E /* Frameworks */,
			);
			sourceTree = "<group>";
		};
		E54AACAC2356AE2D00F17F00 /* Products */ = {
			isa = PBXGroup;
			children = (
				E54AACAB2356AE2D00F17F00 /* SomeCodingTool.app */,
				E54AACC92356AE2E00F17F00 /* SomeCodingToolTests.xctest */,
				E54AACD42356AE2E00F17F00 /* SomeCodingToolUITests.xctest */,
			);
			name = Products;
			sourceTree = "<group>";
		};
		E54AACAD2356AE2D00F17F00 /* SomeCodingTool */ = {
			isa = PBXGroup;
			children = (
				E54AACB12356AE2D00F17F00 /* SceneDelegate.h */,
				E54AACB22356AE2D00F17F00 /* SceneDelegate.m */,
				E54AACBD2356AE2E00F17F00 /* Assets.xcassets */,
				E54AACBF2356AE2E00F17F00 /* LaunchScreen.storyboard */,
				E54AACC22356AE2E00F17F00 /* Info.plist */,
				E54AACC32356AE2E00F17F00 /* main.m */,
				E54AACBA2356AE2D00F17F00 /* SomeCodingTool.xcdatamodeld */,
				E54AACE62356E60100F17F00 /* Other */,
				E54AACED2356E7C600F17F00 /* BaseTool */,
				E54AACEA2356E69B00F17F00 /* HomePageVC.h */,
				E54AACEB2356E69B00F17F00 /* HomePageVC.m */,
			);
			path = SomeCodingTool;
			sourceTree = "<group>";
		};
		E54AACCC2356AE2E00F17F00 /* SomeCodingToolTests */ = {
			isa = PBXGroup;
			children = (
				E54AACCD2356AE2E00F17F00 /* SomeCodingToolTests.m */,
				E54AACCF2356AE2E00F17F00 /* Info.plist */,
			);
			path = SomeCodingToolTests;
			sourceTree = "<group>";
		};
		E54AACD72356AE2E00F17F00 /* SomeCodingToolUITests */ = {
			isa = PBXGroup;
			children = (
				E54AACD82356AE2E00F17F00 /* SomeCodingToolUITests.m */,
				E54AACDA2356AE2E00F17F00 /* Info.plist */,
			);
			path = SomeCodingToolUITests;
			sourceTree = "<group>";
		};
		E54AACE62356E60100F17F00 /* Other */ = {
			isa = PBXGroup;
			children = (
				E54AACAE2356AE2D00F17F00 /* AppDelegate.h */,
				E54AACAF2356AE2D00F17F00 /* AppDelegate.m */,
				E54AACB42356AE2D00F17F00 /* ViewController.h */,
				E54AACB52356AE2D00F17F00 /* ViewController.m */,
				E54AACB72356AE2D00F17F00 /* Main.storyboard */,
			);
			path = Other;
			sourceTree = "<group>";
		};
		E54AACED2356E7C600F17F00 /* BaseTool */ = {
			isa = PBXGroup;
			children = (
				E54AACF123584AD600F17F00 /* tool */,
				E54AACE72356E66B00F17F00 /* BaseViewController.h */,
				E54AACE82356E66B00F17F00 /* BaseViewController.m */,
				E54AACEE2356F93300F17F00 /* BaseNavController.h */,
				E54AACEF2356F93300F17F00 /* BaseNavController.m */,
				E596EAB5235D3DAB007B401E /* MJSomeDesignTableView.h */,
				E596EAB6235D3DAB007B401E /* MJSomeDesignTableView.m */,
				E596EAB8235D4393007B401E /* SomeDesignTableViewCell.h */,
				E596EAB9235D4393007B401E /* SomeDesignTableViewCell.m */,
				E54AFA6123629C15000CE98E /* BaseHeader.h */,
				E54AFA622362C396000CE98E /* Base_PrefixHeader.pch */,
			);
			path = BaseTool;
			sourceTree = "<group>";
		};
		E54AACF123584AD600F17F00 /* tool */ = {
			isa = PBXGroup;
			children = (
				E54AAD1D23599C2200F17F00 /* H5OC */,
				E54AAD192359471000F17F00 /* UILabel+StringSet */,
				E54AACF523584AD600F17F00 /* 请求 */,
				E54AACF823584AD600F17F00 /* 设置 */,
				E54AACFB23584AD600F17F00 /* 选择器 */,
				E54AAD0123584AD700F17F00 /* 转场动画 */,
				E54AAD0A23584AD700F17F00 /* 主页item */,
				E54AACF223584AD600F17F00 /* CustomTypeButton.h */,
				E54AACFE23584AD700F17F00 /* CustomTypeButton.m */,
				E54AAD0023584AD700F17F00 /* ContentView.h */,
				E54AACF323584AD600F17F00 /* ContentView.m */,
				E54AACFF23584AD700F17F00 /* BaseGCDSemaphore.h */,
				E54AACF423584AD600F17F00 /* BaseGCDSemaphore.m */,
			);
			path = tool;
			sourceTree = "<group>";
		};
		E54AACF523584AD600F17F00 /* 请求 */ = {
			isa = PBXGroup;
			children = (
				E54AACF623584AD600F17F00 /* RequestToolManager.h */,
				E54AACF723584AD600F17F00 /* RequestToolManager.m */,
			);
			path = "请求";
			sourceTree = "<group>";
		};
		E54AACF823584AD600F17F00 /* 设置 */ = {
			isa = PBXGroup;
			children = (
				E54AACF923584AD600F17F00 /* ObjcSystemCallTool.m */,
				E54AACFA23584AD600F17F00 /* ObjcSystemCallTool.h */,
			);
			path = "设置";
			sourceTree = "<group>";
		};
		E54AACFB23584AD600F17F00 /* 选择器 */ = {
			isa = PBXGroup;
			children = (
				E54AACFC23584AD700F17F00 /* DropdownSelector.h */,
				E54AACFD23584AD700F17F00 /* DropdownSelector.m */,
			);
			path = "选择器";
			sourceTree = "<group>";
		};
		E54AAD0123584AD700F17F00 /* 转场动画 */ = {
			isa = PBXGroup;
			children = (
				E54AAD0223584AD700F17F00 /* HSPushAnimation.h */,
				E54AAD0323584AD700F17F00 /* TranDemo2ViewController.m */,
				E54AAD0423584AD700F17F00 /* TransitionController.h */,
				E54AAD0523584AD700F17F00 /* TranDemoViewController.h */,
				E54AAD0623584AD700F17F00 /* HSPushAnimation.m */,
				E54AAD0723584AD700F17F00 /* TransitionController.m */,
				E54AAD0823584AD700F17F00 /* TranDemo2ViewController.h */,
				E54AAD0923584AD700F17F00 /* TranDemoViewController.m */,
			);
			path = "转场动画";
			sourceTree = "<group>";
		};
		E54AAD0A23584AD700F17F00 /* 主页item */ = {
			isa = PBXGroup;
			children = (
				E54AAD0B23584AD700F17F00 /* BaseHomeView.m */,
				E54AAD0C23584AD700F17F00 /* BaseHomeView.h */,
			);
			path = "主页item";
			sourceTree = "<group>";
		};
		E54AAD192359471000F17F00 /* UILabel+StringSet */ = {
			isa = PBXGroup;
			children = (
				E54AAD1A2359477F00F17F00 /* UILabel+StringSet.h */,
				E54AAD1B2359477F00F17F00 /* UILabel+StringSet.m */,
			);
			path = "UILabel+StringSet";
			sourceTree = "<group>";
		};
		E54AAD1D23599C2200F17F00 /* H5OC */ = {
			isa = PBXGroup;
			children = (
				E54AAD1F23599CC200F17F00 /* Interactive */,
				E54AAD2823599CC200F17F00 /* JSWebVIewBase.h */,
				E54AAD1E23599CC200F17F00 /* JSWebVIewBase.m */,
			);
			path = H5OC;
			sourceTree = "<group>";
		};
		E54AAD1F23599CC200F17F00 /* Interactive */ = {
			isa = PBXGroup;
			children = (
				E54AAD2023599CC200F17F00 /* InteractiveResultModel.m */,
				E54AAD2123599CC200F17F00 /* Interactive.m */,
				E54AAD2223599CC200F17F00 /* InteractiveModel.h */,
				E54AAD2323599CC200F17F00 /* NSMutableDictionary+JSData.m */,
				E54AAD2423599CC200F17F00 /* InteractiveResultModel.h */,
				E54AAD2523599CC200F17F00 /* InteractiveModel.m */,
				E54AAD2623599CC200F17F00 /* Interactive.h */,
				E54AAD2723599CC200F17F00 /* NSMutableDictionary+JSData.h */,
			);
			path = Interactive;
			sourceTree = "<group>";
		};
/* End PBXGroup section */

/* Begin PBXNativeTarget section */
		E54AACAA2356AE2D00F17F00 /* SomeCodingTool */ = {
			isa = PBXNativeTarget;
			buildConfigurationList = E54AACDD2356AE2E00F17F00 /* Build configuration list for PBXNativeTarget "SomeCodingTool" */;
			buildPhases = (
				8E9854844206605CB9FFFC6E /* [CP] Check Pods Manifest.lock */,
				E54AACA72356AE2D00F17F00 /* Sources */,
				E54AACA82356AE2D00F17F00 /* Frameworks */,
				E54AACA92356AE2D00F17F00 /* Resources */,
			);
			buildRules = (
			);
			dependencies = (
			);
			name = SomeCodingTool;
			productName = SomeCodingTool;
			productReference = E54AACAB2356AE2D00F17F00 /* SomeCodingTool.app */;
			productType = "com.apple.product-type.application";
		};
		E54AACC82356AE2E00F17F00 /* SomeCodingToolTests */ = {
			isa = PBXNativeTarget;
			buildConfigurationList = E54AACE02356AE2E00F17F00 /* Build configuration list for PBXNativeTarget "SomeCodingToolTests" */;
			buildPhases = (
				E54AACC52356AE2E00F17F00 /* Sources */,
				E54AACC62356AE2E00F17F00 /* Frameworks */,
				E54AACC72356AE2E00F17F00 /* Resources */,
			);
			buildRules = (
			);
			dependencies = (
				E54AACCB2356AE2E00F17F00 /* PBXTargetDependency */,
			);
			name = SomeCodingToolTests;
			productName = SomeCodingToolTests;
			productReference = E54AACC92356AE2E00F17F00 /* SomeCodingToolTests.xctest */;
			productType = "com.apple.product-type.bundle.unit-test";
		};
		E54AACD32356AE2E00F17F00 /* SomeCodingToolUITests */ = {
			isa = PBXNativeTarget;
			buildConfigurationList = E54AACE32356AE2E00F17F00 /* Build configuration list for PBXNativeTarget "SomeCodingToolUITests" */;
			buildPhases = (
				E54AACD02356AE2E00F17F00 /* Sources */,
				E54AACD12356AE2E00F17F00 /* Frameworks */,
				E54AACD22356AE2E00F17F00 /* Resources */,
			);
			buildRules = (
			);
			dependencies = (
				E54AACD62356AE2E00F17F00 /* PBXTargetDependency */,
			);
			name = SomeCodingToolUITests;
			productName = SomeCodingToolUITests;
			productReference = E54AACD42356AE2E00F17F00 /* SomeCodingToolUITests.xctest */;
			productType = "com.apple.product-type.bundle.ui-testing";
		};
/* End PBXNativeTarget section */

/* Begin PBXProject section */
		E54AACA32356AE2D00F17F00 /* Project object */ = {
			isa = PBXProject;
			attributes = {
				LastUpgradeCheck = 1100;
				ORGANIZATIONNAME = FCNC05;
				TargetAttributes = {
					E54AACAA2356AE2D00F17F00 = {
						CreatedOnToolsVersion = 11.0;
					};
					E54AACC82356AE2E00F17F00 = {
						CreatedOnToolsVersion = 11.0;
						TestTargetID = E54AACAA2356AE2D00F17F00;
					};
					E54AACD32356AE2E00F17F00 = {
						CreatedOnToolsVersion = 11.0;
						TestTargetID = E54AACAA2356AE2D00F17F00;
					};
				};
			};
			buildConfigurationList = E54AACA62356AE2D00F17F00 /* Build configuration list for PBXProject "SomeCodingTool" */;
			compatibilityVersion = "Xcode 9.3";
			developmentRegion = en;
			hasScannedForEncodings = 0;
			knownRegions = (
				en,
				Base,
			);
			mainGroup = E54AACA22356AE2D00F17F00;
			productRefGroup = E54AACAC2356AE2D00F17F00 /* Products */;
			projectDirPath = "";
			projectRoot = "";
			targets = (
				E54AACAA2356AE2D00F17F00 /* SomeCodingTool */,
				E54AACC82356AE2E00F17F00 /* SomeCodingToolTests */,
				E54AACD32356AE2E00F17F00 /* SomeCodingToolUITests */,
			);
		};
/* End PBXProject section */

/* Begin PBXResourcesBuildPhase section */
		E54AACA92356AE2D00F17F00 /* Resources */ = {
			isa = PBXResourcesBuildPhase;
			buildActionMask = 2147483647;
			files = (
				E54AACC12356AE2E00F17F00 /* LaunchScreen.storyboard in Resources */,
				E54AACBE2356AE2E00F17F00 /* Assets.xcassets in Resources */,
				E54AACB92356AE2D00F17F00 /* Main.storyboard in Resources */,
			);
			runOnlyForDeploymentPostprocessing = 0;
		};
		E54AACC72356AE2E00F17F00 /* Resources */ = {
			isa = PBXResourcesBuildPhase;
			buildActionMask = 2147483647;
			files = (
			);
			runOnlyForDeploymentPostprocessing = 0;
		};
		E54AACD22356AE2E00F17F00 /* Resources */ = {
			isa = PBXResourcesBuildPhase;
			buildActionMask = 2147483647;
			files = (
			);
			runOnlyForDeploymentPostprocessing = 0;
		};
/* End PBXResourcesBuildPhase section */

/* Begin PBXShellScriptBuildPhase section */
		8E9854844206605CB9FFFC6E /* [CP] Check Pods Manifest.lock */ = {
			isa = PBXShellScriptBuildPhase;
			buildActionMask = 2147483647;
			files = (
			);
			inputFileListPaths = (
			);
			inputPaths = (
				"${PODS_PODFILE_DIR_PATH}/Podfile.lock",
				"${PODS_ROOT}/Manifest.lock",
			);
			name = "[CP] Check Pods Manifest.lock";
			outputFileListPaths = (
			);
			outputPaths = (
				"$(DERIVED_FILE_DIR)/Pods-SomeCodingTool-checkManifestLockResult.txt",
			);
			runOnlyForDeploymentPostprocessing = 0;
			shellPath = /bin/sh;
			shellScript = "diff \"${PODS_PODFILE_DIR_PATH}/Podfile.lock\" \"${PODS_ROOT}/Manifest.lock\" > /dev/null\nif [ $? != 0 ] ; then\n    # print error to STDERR\n    echo \"error: The sandbox is not in sync with the Podfile.lock. Run 'pod install' or update your CocoaPods installation.\" >&2\n    exit 1\nfi\n# This output is used by Xcode 'outputs' to avoid re-running this script phase.\necho \"SUCCESS\" > \"${SCRIPT_OUTPUT_FILE_0}\"\n";
			showEnvVarsInLog = 0;
		};
/* End PBXShellScriptBuildPhase section */

/* Begin PBXSourcesBuildPhase section */
		E54AACA72356AE2D00F17F00 /* Sources */ = {
			isa = PBXSourcesBuildPhase;
			buildActionMask = 2147483647;
			files = (
				E54AAD1223584AD700F17F00 /* CustomTypeButton.m in Sources */,
				E54AACC42356AE2E00F17F00 /* main.m in Sources */,
				E54AAD2C23599CC200F17F00 /* NSMutableDictionary+JSData.m in Sources */,
				E54AACE92356E66B00F17F00 /* BaseViewController.m in Sources */,
				E54AAD0D23584AD700F17F00 /* ContentView.m in Sources */,
				E54AAD1723584AD700F17F00 /* BaseHomeView.m in Sources */,
				E54AACF02356F93300F17F00 /* BaseNavController.m in Sources */,
				E54AAD1C2359477F00F17F00 /* UILabel+StringSet.m in Sources */,
				E54AAD1023584AD700F17F00 /* ObjcSystemCallTool.m in Sources */,
				E54AAD1623584AD700F17F00 /* TranDemoViewController.m in Sources */,
				E54AACB62356AE2D00F17F00 /* ViewController.m in Sources */,
				E596EABA235D4393007B401E /* SomeDesignTableViewCell.m in Sources */,
				E54AAD2923599CC200F17F00 /* JSWebVIewBase.m in Sources */,
				E596EAB7235D3DAB007B401E /* MJSomeDesignTableView.m in Sources */,
				E54AAD1423584AD700F17F00 /* HSPushAnimation.m in Sources */,
				E54AAD1523584AD700F17F00 /* TransitionController.m in Sources */,
				E54AAD1323584AD700F17F00 /* TranDemo2ViewController.m in Sources */,
				E54AACBC2356AE2D00F17F00 /* SomeCodingTool.xcdatamodeld in Sources */,
				E54AAD1123584AD700F17F00 /* DropdownSelector.m in Sources */,
				E54AACEC2356E69B00F17F00 /* HomePageVC.m in Sources */,
				E54AACB02356AE2D00F17F00 /* AppDelegate.m in Sources */,
				E54AAD0E23584AD700F17F00 /* BaseGCDSemaphore.m in Sources */,
				E54AAD2B23599CC200F17F00 /* Interactive.m in Sources */,
				E54AAD2D23599CC200F17F00 /* InteractiveModel.m in Sources */,
				E54AAD2A23599CC200F17F00 /* InteractiveResultModel.m in Sources */,
				E54AAD0F23584AD700F17F00 /* RequestToolManager.m in Sources */,
				E54AACB32356AE2D00F17F00 /* SceneDelegate.m in Sources */,
			);
			runOnlyForDeploymentPostprocessing = 0;
		};
		E54AACC52356AE2E00F17F00 /* Sources */ = {
			isa = PBXSourcesBuildPhase;
			buildActionMask = 2147483647;
			files = (
				E54AACCE2356AE2E00F17F00 /* SomeCodingToolTests.m in Sources */,
			);
			runOnlyForDeploymentPostprocessing = 0;
		};
		E54AACD02356AE2E00F17F00 /* Sources */ = {
			isa = PBXSourcesBuildPhase;
			buildActionMask = 2147483647;
			files = (
				E54AACD92356AE2E00F17F00 /* SomeCodingToolUITests.m in Sources */,
			);
			runOnlyForDeploymentPostprocessing = 0;
		};
/* End PBXSourcesBuildPhase section */

/* Begin PBXTargetDependency section */
		E54AACCB2356AE2E00F17F00 /* PBXTargetDependency */ = {
			isa = PBXTargetDependency;
			target = E54AACAA2356AE2D00F17F00 /* SomeCodingTool */;
			targetProxy = E54AACCA2356AE2E00F17F00 /* PBXContainerItemProxy */;
		};
		E54AACD62356AE2E00F17F00 /* PBXTargetDependency */ = {
			isa = PBXTargetDependency;
			target = E54AACAA2356AE2D00F17F00 /* SomeCodingTool */;
			targetProxy = E54AACD52356AE2E00F17F00 /* PBXContainerItemProxy */;
		};
/* End PBXTargetDependency section */

/* Begin PBXVariantGroup section */
		E54AACB72356AE2D00F17F00 /* Main.storyboard */ = {
			isa = PBXVariantGroup;
			children = (
				E54AACB82356AE2D00F17F00 /* Base */,
			);
			name = Main.storyboard;
			sourceTree = "<group>";
		};
		E54AACBF2356AE2E00F17F00 /* LaunchScreen.storyboard */ = {
			isa = PBXVariantGroup;
			children = (
				E54AACC02356AE2E00F17F00 /* Base */,
			);
			name = LaunchScreen.storyboard;
			sourceTree = "<group>";
		};
/* End PBXVariantGroup section */

/* Begin XCBuildConfiguration section */
		E54AACDB2356AE2E00F17F00 /* Debug */ = {
			isa = XCBuildConfiguration;
			buildSettings = {
				ALWAYS_SEARCH_USER_PATHS = NO;
				CLANG_ANALYZER_NONNULL = YES;
				CLANG_ANALYZER_NUMBER_OBJECT_CONVERSION = YES_AGGRESSIVE;
				CLANG_CXX_LANGUAGE_STANDARD = "gnu++14";
				CLANG_CXX_LIBRARY = "libc++";
				CLANG_ENABLE_MODULES = YES;
				CLANG_ENABLE_OBJC_ARC = YES;
				CLANG_ENABLE_OBJC_WEAK = YES;
				CLANG_WARN_BLOCK_CAPTURE_AUTORELEASING = YES;
				CLANG_WARN_BOOL_CONVERSION = YES;
				CLANG_WARN_COMMA = YES;
				CLANG_WARN_CONSTANT_CONVERSION = YES;
				CLANG_WARN_DEPRECATED_OBJC_IMPLEMENTATIONS = YES;
				CLANG_WARN_DIRECT_OBJC_ISA_USAGE = YES_ERROR;
				CLANG_WARN_DOCUMENTATION_COMMENTS = YES;
				CLANG_WARN_EMPTY_BODY = YES;
				CLANG_WARN_ENUM_CONVERSION = YES;
				CLANG_WARN_INFINITE_RECURSION = YES;
				CLANG_WARN_INT_CONVERSION = YES;
				CLANG_WARN_NON_LITERAL_NULL_CONVERSION = YES;
				CLANG_WARN_OBJC_IMPLICIT_RETAIN_SELF = YES;
				CLANG_WARN_OBJC_LITERAL_CONVERSION = YES;
				CLANG_WARN_OBJC_ROOT_CLASS = YES_ERROR;
				CLANG_WARN_RANGE_LOOP_ANALYSIS = YES;
				CLANG_WARN_STRICT_PROTOTYPES = YES;
				CLANG_WARN_SUSPICIOUS_MOVE = YES;
				CLANG_WARN_UNGUARDED_AVAILABILITY = YES_AGGRESSIVE;
				CLANG_WARN_UNREACHABLE_CODE = YES;
				CLANG_WARN__DUPLICATE_METHOD_MATCH = YES;
				COPY_PHASE_STRIP = NO;
				DEBUG_INFORMATION_FORMAT = dwarf;
				ENABLE_STRICT_OBJC_MSGSEND = YES;
				ENABLE_TESTABILITY = YES;
				GCC_C_LANGUAGE_STANDARD = gnu11;
				GCC_DYNAMIC_NO_PIC = NO;
				GCC_NO_COMMON_BLOCKS = YES;
				GCC_OPTIMIZATION_LEVEL = 0;
				GCC_PREPROCESSOR_DEFINITIONS = (
					"DEBUG=1",
					"$(inherited)",
				);
				GCC_WARN_64_TO_32_BIT_CONVERSION = YES;
				GCC_WARN_ABOUT_RETURN_TYPE = YES_ERROR;
				GCC_WARN_UNDECLARED_SELECTOR = YES;
				GCC_WARN_UNINITIALIZED_AUTOS = YES_AGGRESSIVE;
				GCC_WARN_UNUSED_FUNCTION = YES;
				GCC_WARN_UNUSED_VARIABLE = YES;
				IPHONEOS_DEPLOYMENT_TARGET = 13.0;
				MTL_ENABLE_DEBUG_INFO = INCLUDE_SOURCE;
				MTL_FAST_MATH = YES;
				ONLY_ACTIVE_ARCH = YES;
				SDKROOT = iphoneos;
			};
			name = Debug;
		};
		E54AACDC2356AE2E00F17F00 /* Release */ = {
			isa = XCBuildConfiguration;
			buildSettings = {
				ALWAYS_SEARCH_USER_PATHS = NO;
				CLANG_ANALYZER_NONNULL = YES;
				CLANG_ANALYZER_NUMBER_OBJECT_CONVERSION = YES_AGGRESSIVE;
				CLANG_CXX_LANGUAGE_STANDARD = "gnu++14";
				CLANG_CXX_LIBRARY = "libc++";
				CLANG_ENABLE_MODULES = YES;
				CLANG_ENABLE_OBJC_ARC = YES;
				CLANG_ENABLE_OBJC_WEAK = YES;
				CLANG_WARN_BLOCK_CAPTURE_AUTORELEASING = YES;
				CLANG_WARN_BOOL_CONVERSION = YES;
				CLANG_WARN_COMMA = YES;
				CLANG_WARN_CONSTANT_CONVERSION = YES;
				CLANG_WARN_DEPRECATED_OBJC_IMPLEMENTATIONS = YES;
				CLANG_WARN_DIRECT_OBJC_ISA_USAGE = YES_ERROR;
				CLANG_WARN_DOCUMENTATION_COMMENTS = YES;
				CLANG_WARN_EMPTY_BODY = YES;
				CLANG_WARN_ENUM_CONVERSION = YES;
				CLANG_WARN_INFINITE_RECURSION = YES;
				CLANG_WARN_INT_CONVERSION = YES;
				CLANG_WARN_NON_LITERAL_NULL_CONVERSION = YES;
				CLANG_WARN_OBJC_IMPLICIT_RETAIN_SELF = YES;
				CLANG_WARN_OBJC_LITERAL_CONVERSION = YES;
				CLANG_WARN_OBJC_ROOT_CLASS = YES_ERROR;
				CLANG_WARN_RANGE_LOOP_ANALYSIS = YES;
				CLANG_WARN_STRICT_PROTOTYPES = YES;
				CLANG_WARN_SUSPICIOUS_MOVE = YES;
				CLANG_WARN_UNGUARDED_AVAILABILITY = YES_AGGRESSIVE;
				CLANG_WARN_UNREACHABLE_CODE = YES;
				CLANG_WARN__DUPLICATE_METHOD_MATCH = YES;
				COPY_PHASE_STRIP = NO;
				DEBUG_INFORMATION_FORMAT = "dwarf-with-dsym";
				ENABLE_NS_ASSERTIONS = NO;
				ENABLE_STRICT_OBJC_MSGSEND = YES;
				GCC_C_LANGUAGE_STANDARD = gnu11;
				GCC_NO_COMMON_BLOCKS = YES;
				GCC_WARN_64_TO_32_BIT_CONVERSION = YES;
				GCC_WARN_ABOUT_RETURN_TYPE = YES_ERROR;
				GCC_WARN_UNDECLARED_SELECTOR = YES;
				GCC_WARN_UNINITIALIZED_AUTOS = YES_AGGRESSIVE;
				GCC_WARN_UNUSED_FUNCTION = YES;
				GCC_WARN_UNUSED_VARIABLE = YES;
				IPHONEOS_DEPLOYMENT_TARGET = 13.0;
				MTL_ENABLE_DEBUG_INFO = NO;
				MTL_FAST_MATH = YES;
				SDKROOT = iphoneos;
				VALIDATE_PRODUCT = YES;
			};
			name = Release;
		};
		E54AACDE2356AE2E00F17F00 /* Debug */ = {
			isa = XCBuildConfiguration;
			baseConfigurationReference = 7A890E5887BFB69F3655277C /* Pods-SomeCodingTool.debug.xcconfig */;
			buildSettings = {
				ASSETCATALOG_COMPILER_APPICON_NAME = AppIcon;
				CODE_SIGN_STYLE = Automatic;
				DEVELOPMENT_TEAM = K65A9CD389;
				GCC_PREFIX_HEADER = SomeCodingTool/BaseTool/Base_PrefixHeader.pch;
				HEADER_SEARCH_PATHS = (
					"$(inherited)",
					"\"${PODS_ROOT}/Headers/Public\"",
					"\"${PODS_ROOT}/Headers/Public/AFNetworking\"",
					"\"${PODS_ROOT}/Headers/Public/MQTTClient\"",
					"\"${PODS_ROOT}/Headers/Public/ReactiveObjC\"",
					"\"${PODS_ROOT}/Headers/Public/YYModel\"",
					"\"/User/fcnc05/Desktop/SomeCodingTool/BaseTool/BaseHeader\"",
				);
				INFOPLIST_FILE = SomeCodingTool/Info.plist;
				IPHONEOS_DEPLOYMENT_TARGET = 10.0;
				LD_RUNPATH_SEARCH_PATHS = (
					"$(inherited)",
					"@executable_path/Frameworks",
				);
				PRODUCT_BUNDLE_IDENTIFIER = com.fujisoft.SomeCodingTool;
				PRODUCT_NAME = "$(TARGET_NAME)";
				TARGETED_DEVICE_FAMILY = "1,2";
				USER_HEADER_SEARCH_PATHS = "";
			};
			name = Debug;
		};
		E54AACDF2356AE2E00F17F00 /* Release */ = {
			isa = XCBuildConfiguration;
			baseConfigurationReference = 8A7F7CDA51E6C66A25850623 /* Pods-SomeCodingTool.release.xcconfig */;
			buildSettings = {
				ASSETCATALOG_COMPILER_APPICON_NAME = AppIcon;
				CODE_SIGN_STYLE = Automatic;
				DEVELOPMENT_TEAM = K65A9CD389;
				GCC_PREFIX_HEADER = SomeCodingTool/BaseTool/Base_PrefixHeader.pch;
				HEADER_SEARCH_PATHS = (
					"$(inherited)",
					"\"${PODS_ROOT}/Headers/Public\"",
					"\"${PODS_ROOT}/Headers/Public/AFNetworking\"",
					"\"${PODS_ROOT}/Headers/Public/MQTTClient\"",
					"\"${PODS_ROOT}/Headers/Public/ReactiveObjC\"",
					"\"${PODS_ROOT}/Headers/Public/YYModel\"",
				);
				INFOPLIST_FILE = SomeCodingTool/Info.plist;
				IPHONEOS_DEPLOYMENT_TARGET = 10.0;
				LD_RUNPATH_SEARCH_PATHS = (
					"$(inherited)",
					"@executable_path/Frameworks",
				);
				PRODUCT_BUNDLE_IDENTIFIER = com.fujisoft.SomeCodingTool;
				PRODUCT_NAME = "$(TARGET_NAME)";
				TARGETED_DEVICE_FAMILY = "1,2";
				USER_HEADER_SEARCH_PATHS = "";
			};
			name = Release;
		};
		E54AACE12356AE2E00F17F00 /* Debug */ = {
			isa = XCBuildConfiguration;
			buildSettings = {
				BUNDLE_LOADER = "$(TEST_HOST)";
				CODE_SIGN_STYLE = Automatic;
				DEVELOPMENT_TEAM = K65A9CD389;
				INFOPLIST_FILE = SomeCodingToolTests/Info.plist;
				IPHONEOS_DEPLOYMENT_TARGET = 13.0;
				LD_RUNPATH_SEARCH_PATHS = (
					"$(inherited)",
					"@executable_path/Frameworks",
					"@loader_path/Frameworks",
				);
				PRODUCT_BUNDLE_IDENTIFIER = com.fujisoft.SomeCodingToolTests;
				PRODUCT_NAME = "$(TARGET_NAME)";
				TARGETED_DEVICE_FAMILY = "1,2";
				TEST_HOST = "$(BUILT_PRODUCTS_DIR)/SomeCodingTool.app/SomeCodingTool";
			};
			name = Debug;
		};
		E54AACE22356AE2E00F17F00 /* Release */ = {
			isa = XCBuildConfiguration;
			buildSettings = {
				BUNDLE_LOADER = "$(TEST_HOST)";
				CODE_SIGN_STYLE = Automatic;
				DEVELOPMENT_TEAM = K65A9CD389;
				INFOPLIST_FILE = SomeCodingToolTests/Info.plist;
				IPHONEOS_DEPLOYMENT_TARGET = 13.0;
				LD_RUNPATH_SEARCH_PATHS = (
					"$(inherited)",
					"@executable_path/Frameworks",
					"@loader_path/Frameworks",
				);
				PRODUCT_BUNDLE_IDENTIFIER = com.fujisoft.SomeCodingToolTests;
				PRODUCT_NAME = "$(TARGET_NAME)";
				TARGETED_DEVICE_FAMILY = "1,2";
				TEST_HOST = "$(BUILT_PRODUCTS_DIR)/SomeCodingTool.app/SomeCodingTool";
			};
			name = Release;
		};
		E54AACE42356AE2E00F17F00 /* Debug */ = {
			isa = XCBuildConfiguration;
			buildSettings = {
				CODE_SIGN_STYLE = Automatic;
				DEVELOPMENT_TEAM = K65A9CD389;
				INFOPLIST_FILE = SomeCodingToolUITests/Info.plist;
				LD_RUNPATH_SEARCH_PATHS = (
					"$(inherited)",
					"@executable_path/Frameworks",
					"@loader_path/Frameworks",
				);
				PRODUCT_BUNDLE_IDENTIFIER = com.fujisoft.SomeCodingToolUITests;
				PRODUCT_NAME = "$(TARGET_NAME)";
				TARGETED_DEVICE_FAMILY = "1,2";
				TEST_TARGET_NAME = SomeCodingTool;
			};
			name = Debug;
		};
		E54AACE52356AE2E00F17F00 /* Release */ = {
			isa = XCBuildConfiguration;
			buildSettings = {
				CODE_SIGN_STYLE = Automatic;
				DEVELOPMENT_TEAM = K65A9CD389;
				INFOPLIST_FILE = SomeCodingToolUITests/Info.plist;
				LD_RUNPATH_SEARCH_PATHS = (
					"$(inherited)",
					"@executable_path/Frameworks",
					"@loader_path/Frameworks",
				);
				PRODUCT_BUNDLE_IDENTIFIER = com.fujisoft.SomeCodingToolUITests;
				PRODUCT_NAME = "$(TARGET_NAME)";
				TARGETED_DEVICE_FAMILY = "1,2";
				TEST_TARGET_NAME = SomeCodingTool;
			};
			name = Release;
		};
/* End XCBuildConfiguration section */

/* Begin XCConfigurationList section */
		E54AACA62356AE2D00F17F00 /* Build configuration list for PBXProject "SomeCodingTool" */ = {
			isa = XCConfigurationList;
			buildConfigurations = (
				E54AACDB2356AE2E00F17F00 /* Debug */,
				E54AACDC2356AE2E00F17F00 /* Release */,
			);
			defaultConfigurationIsVisible = 0;
			defaultConfigurationName = Release;
		};
		E54AACDD2356AE2E00F17F00 /* Build configuration list for PBXNativeTarget "SomeCodingTool" */ = {
			isa = XCConfigurationList;
			buildConfigurations = (
				E54AACDE2356AE2E00F17F00 /* Debug */,
				E54AACDF2356AE2E00F17F00 /* Release */,
			);
			defaultConfigurationIsVisible = 0;
			defaultConfigurationName = Release;
		};
		E54AACE02356AE2E00F17F00 /* Build configuration list for PBXNativeTarget "SomeCodingToolTests" */ = {
			isa = XCConfigurationList;
			buildConfigurations = (
				E54AACE12356AE2E00F17F00 /* Debug */,
				E54AACE22356AE2E00F17F00 /* Release */,
			);
			defaultConfigurationIsVisible = 0;
			defaultConfigurationName = Release;
		};
		E54AACE32356AE2E00F17F00 /* Build configuration list for PBXNativeTarget "SomeCodingToolUITests" */ = {
			isa = XCConfigurationList;
			buildConfigurations = (
				E54AACE42356AE2E00F17F00 /* Debug */,
				E54AACE52356AE2E00F17F00 /* Release */,
			);
			defaultConfigurationIsVisible = 0;
			defaultConfigurationName = Release;
		};
/* End XCConfigurationList section */

/* Begin XCVersionGroup section */
		E54AACBA2356AE2D00F17F00 /* SomeCodingTool.xcdatamodeld */ = {
			isa = XCVersionGroup;
			children = (
				E54AACBB2356AE2D00F17F00 /* SomeCodingTool.xcdatamodel */,
			);
			currentVersion = E54AACBB2356AE2D00F17F00 /* SomeCodingTool.xcdatamodel */;
			path = SomeCodingTool.xcdatamodeld;
			sourceTree = "<group>";
			versionGroupType = wrapper.xcdatamodel;
		};
/* End XCVersionGroup section */
	};
	rootObject = E54AACA32356AE2D00F17F00 /* Project object */;
}
